// !$*UTF8*$!
{
	archiveVersion = 1;
	classes = {
	};
	objectVersion = 56;
	objects = {

/* Begin PBXBuildFile section */
		3CCCA1622B1F9F3400776433 /* AppDelegate.swift in Sources */ = {isa = PBXBuildFile; fileRef = 3CCCA1612B1F9F3400776433 /* AppDelegate.swift */; };
		3CCCA1642B1F9F3400776433 /* SceneDelegate.swift in Sources */ = {isa = PBXBuildFile; fileRef = 3CCCA1632B1F9F3400776433 /* SceneDelegate.swift */; };
		3CCCA1662B1F9F3400776433 /* ListViewController.swift in Sources */ = {isa = PBXBuildFile; fileRef = 3CCCA1652B1F9F3400776433 /* ListViewController.swift */; };
		3CCCA16B2B1F9F3500776433 /* Assets.xcassets in Resources */ = {isa = PBXBuildFile; fileRef = 3CCCA16A2B1F9F3500776433 /* Assets.xcassets */; };
		3CCCA16E2B1F9F3500776433 /* LaunchScreen.storyboard in Resources */ = {isa = PBXBuildFile; fileRef = 3CCCA16C2B1F9F3500776433 /* LaunchScreen.storyboard */; };
		3CCCA17F2B1FA1DC00776433 /* TableViewBuilder.swift in Sources */ = {isa = PBXBuildFile; fileRef = 3CCCA17E2B1FA1DC00776433 /* TableViewBuilder.swift */; };
		3CCCA1832B1FA2A800776433 /* CellModel.swift in Sources */ = {isa = PBXBuildFile; fileRef = 3CCCA1822B1FA2A800776433 /* CellModel.swift */; };
		3CCCA1852B1FA2E100776433 /* SectionModel.swift in Sources */ = {isa = PBXBuildFile; fileRef = 3CCCA1842B1FA2E100776433 /* SectionModel.swift */; };
		3CCCA1872B1FA31600776433 /* HeaderModel.swift in Sources */ = {isa = PBXBuildFile; fileRef = 3CCCA1862B1FA31600776433 /* HeaderModel.swift */; };
		3CCCA18A2B1FA46100776433 /* NetworkManager.swift in Sources */ = {isa = PBXBuildFile; fileRef = 3CCCA1892B1FA46100776433 /* NetworkManager.swift */; };
		3CCCA18E2B2076B200776433 /* ImageResponse.swift in Sources */ = {isa = PBXBuildFile; fileRef = 3CCCA18D2B2076B200776433 /* ImageResponse.swift */; };
		3CCCA1912B207F4400776433 /* ImageCell.swift in Sources */ = {isa = PBXBuildFile; fileRef = 3CCCA1902B207F4400776433 /* ImageCell.swift */; };
		3CCCA1942B20802600776433 /* SnapKit in Frameworks */ = {isa = PBXBuildFile; productRef = 3CCCA1932B20802600776433 /* SnapKit */; };
		3CCCA1CB2B23537A00776433 /* ListPresenter.swift in Sources */ = {isa = PBXBuildFile; fileRef = 3CCCA1CA2B23537A00776433 /* ListPresenter.swift */; };
		3CCCA1D12B23616C00776433 /* ImageCacheManager.swift in Sources */ = {isa = PBXBuildFile; fileRef = 3CCCA1D02B23616C00776433 /* ImageCacheManager.swift */; };
		3CCCA1DC2B24823A00776433 /* DetailsViewController.swift in Sources */ = {isa = PBXBuildFile; fileRef = 3CCCA1DB2B24823A00776433 /* DetailsViewController.swift */; };
		3CCCA1DE2B2489F800776433 /* DetailsPresenter.swift in Sources */ = {isa = PBXBuildFile; fileRef = 3CCCA1DD2B2489F800776433 /* DetailsPresenter.swift */; };
		3CD188142B30D31500AB7F3A /* AppCoordinator.swift in Sources */ = {isa = PBXBuildFile; fileRef = 3CD188132B30D31500AB7F3A /* AppCoordinator.swift */; };
		3CD188742B32FF2B00AB7F3A /* ModuleBuilder.swift in Sources */ = {isa = PBXBuildFile; fileRef = 3CD188732B32FF2B00AB7F3A /* ModuleBuilder.swift */; };
/* End PBXBuildFile section */

/* Begin PBXFileReference section */
		3CCCA15E2B1F9F3400776433 /* MVP-Pagination.app */ = {isa = PBXFileReference; explicitFileType = wrapper.application; includeInIndex = 0; path = "MVP-Pagination.app"; sourceTree = BUILT_PRODUCTS_DIR; };
		3CCCA1612B1F9F3400776433 /* AppDelegate.swift */ = {isa = PBXFileReference; lastKnownFileType = sourcecode.swift; path = AppDelegate.swift; sourceTree = "<group>"; };
		3CCCA1632B1F9F3400776433 /* SceneDelegate.swift */ = {isa = PBXFileReference; lastKnownFileType = sourcecode.swift; path = SceneDelegate.swift; sourceTree = "<group>"; };
		3CCCA1652B1F9F3400776433 /* ListViewController.swift */ = {isa = PBXFileReference; lastKnownFileType = sourcecode.swift; path = ListViewController.swift; sourceTree = "<group>"; };
		3CCCA16A2B1F9F3500776433 /* Assets.xcassets */ = {isa = PBXFileReference; lastKnownFileType = folder.assetcatalog; path = Assets.xcassets; sourceTree = "<group>"; };
		3CCCA16D2B1F9F3500776433 /* Base */ = {isa = PBXFileReference; lastKnownFileType = file.storyboard; name = Base; path = Base.lproj/LaunchScreen.storyboard; sourceTree = "<group>"; };
		3CCCA16F2B1F9F3500776433 /* Info.plist */ = {isa = PBXFileReference; lastKnownFileType = text.plist.xml; path = Info.plist; sourceTree = "<group>"; };
		3CCCA17E2B1FA1DC00776433 /* TableViewBuilder.swift */ = {isa = PBXFileReference; lastKnownFileType = sourcecode.swift; path = TableViewBuilder.swift; sourceTree = "<group>"; };
		3CCCA1822B1FA2A800776433 /* CellModel.swift */ = {isa = PBXFileReference; lastKnownFileType = sourcecode.swift; path = CellModel.swift; sourceTree = "<group>"; };
		3CCCA1842B1FA2E100776433 /* SectionModel.swift */ = {isa = PBXFileReference; lastKnownFileType = sourcecode.swift; path = SectionModel.swift; sourceTree = "<group>"; };
		3CCCA1862B1FA31600776433 /* HeaderModel.swift */ = {isa = PBXFileReference; lastKnownFileType = sourcecode.swift; path = HeaderModel.swift; sourceTree = "<group>"; };
		3CCCA1892B1FA46100776433 /* NetworkManager.swift */ = {isa = PBXFileReference; lastKnownFileType = sourcecode.swift; path = NetworkManager.swift; sourceTree = "<group>"; };
		3CCCA18D2B2076B200776433 /* ImageResponse.swift */ = {isa = PBXFileReference; lastKnownFileType = sourcecode.swift; path = ImageResponse.swift; sourceTree = "<group>"; };
		3CCCA1902B207F4400776433 /* ImageCell.swift */ = {isa = PBXFileReference; lastKnownFileType = sourcecode.swift; path = ImageCell.swift; sourceTree = "<group>"; };
		3CCCA1CA2B23537A00776433 /* ListPresenter.swift */ = {isa = PBXFileReference; lastKnownFileType = sourcecode.swift; path = ListPresenter.swift; sourceTree = "<group>"; };
		3CCCA1D02B23616C00776433 /* ImageCacheManager.swift */ = {isa = PBXFileReference; lastKnownFileType = sourcecode.swift; path = ImageCacheManager.swift; sourceTree = "<group>"; };
		3CCCA1DB2B24823A00776433 /* DetailsViewController.swift */ = {isa = PBXFileReference; lastKnownFileType = sourcecode.swift; path = DetailsViewController.swift; sourceTree = "<group>"; };
		3CCCA1DD2B2489F800776433 /* DetailsPresenter.swift */ = {isa = PBXFileReference; lastKnownFileType = sourcecode.swift; path = DetailsPresenter.swift; sourceTree = "<group>"; };
		3CD188132B30D31500AB7F3A /* AppCoordinator.swift */ = {isa = PBXFileReference; lastKnownFileType = sourcecode.swift; path = AppCoordinator.swift; sourceTree = "<group>"; };
		3CD188732B32FF2B00AB7F3A /* ModuleBuilder.swift */ = {isa = PBXFileReference; lastKnownFileType = sourcecode.swift; path = ModuleBuilder.swift; sourceTree = "<group>"; };
/* End PBXFileReference section */

/* Begin PBXFrameworksBuildPhase section */
		3CCCA15B2B1F9F3400776433 /* Frameworks */ = {
			isa = PBXFrameworksBuildPhase;
			buildActionMask = 2147483647;
			files = (
				3CCCA1942B20802600776433 /* SnapKit in Frameworks */,
			);
			runOnlyForDeploymentPostprocessing = 0;
		};
/* End PBXFrameworksBuildPhase section */

/* Begin PBXGroup section */
		3CCCA1552B1F9F3300776433 = {
			isa = PBXGroup;
			children = (
				3CCCA1602B1F9F3400776433 /* MVP-Pagination */,
				3CCCA15F2B1F9F3400776433 /* Products */,
			);
			sourceTree = "<group>";
		};
		3CCCA15F2B1F9F3400776433 /* Products */ = {
			isa = PBXGroup;
			children = (
				3CCCA15E2B1F9F3400776433 /* MVP-Pagination.app */,
			);
			name = Products;
			sourceTree = "<group>";
		};
		3CCCA1602B1F9F3400776433 /* MVP-Pagination */ = {
			isa = PBXGroup;
			children = (
				3CCCA17D2B1FA1CD00776433 /* Services */,
				3CCCA1772B1FA16B00776433 /* Modules */,
				3CCCA1752B1FA15500776433 /* App */,
				3CCCA1762B1FA15C00776433 /* Resources */,
				3CCCA16F2B1F9F3500776433 /* Info.plist */,
			);
			path = "MVP-Pagination";
			sourceTree = "<group>";
		};
		3CCCA1752B1FA15500776433 /* App */ = {
			isa = PBXGroup;
			children = (
				3CCCA1612B1F9F3400776433 /* AppDelegate.swift */,
				3CCCA1632B1F9F3400776433 /* SceneDelegate.swift */,
			);
			path = App;
			sourceTree = "<group>";
		};
		3CCCA1762B1FA15C00776433 /* Resources */ = {
			isa = PBXGroup;
			children = (
				3CCCA16A2B1F9F3500776433 /* Assets.xcassets */,
				3CCCA16C2B1F9F3500776433 /* LaunchScreen.storyboard */,
			);
			path = Resources;
			sourceTree = "<group>";
		};
		3CCCA1772B1FA16B00776433 /* Modules */ = {
			isa = PBXGroup;
			children = (
				3CCCA1782B1FA17B00776433 /* List */,
				3CCCA1792B1FA18500776433 /* Details */,
			);
			path = Modules;
			sourceTree = "<group>";
		};
		3CCCA1782B1FA17B00776433 /* List */ = {
			isa = PBXGroup;
			children = (
				3CCCA17B2B1FA18E00776433 /* Model */,
				3CCCA17A2B1FA18A00776433 /* View */,
				3CCCA17C2B1FA19500776433 /* Presenter */,
			);
			path = List;
			sourceTree = "<group>";
		};
		3CCCA1792B1FA18500776433 /* Details */ = {
			isa = PBXGroup;
			children = (
				3CCCA1DA2B24822700776433 /* Presenter */,
				3CCCA1D72B24821500776433 /* View */,
			);
			path = Details;
			sourceTree = "<group>";
		};
		3CCCA17A2B1FA18A00776433 /* View */ = {
			isa = PBXGroup;
			children = (
				3CCCA18F2B207F2D00776433 /* Cell */,
				3CCCA1652B1F9F3400776433 /* ListViewController.swift */,
			);
			path = View;
			sourceTree = "<group>";
		};
		3CCCA17B2B1FA18E00776433 /* Model */ = {
			isa = PBXGroup;
			children = (
				3CCCA18D2B2076B200776433 /* ImageResponse.swift */,
			);
			path = Model;
			sourceTree = "<group>";
		};
		3CCCA17C2B1FA19500776433 /* Presenter */ = {
			isa = PBXGroup;
			children = (
				3CCCA1CA2B23537A00776433 /* ListPresenter.swift */,
			);
			path = Presenter;
			sourceTree = "<group>";
		};
		3CCCA17D2B1FA1CD00776433 /* Services */ = {
			isa = PBXGroup;
			children = (
				3CD188722B32FF1F00AB7F3A /* ModuleBuilder */,
				3CD188122B30D2F000AB7F3A /* Coordinator */,
				3CCCA1CF2B23615D00776433 /* ImageCacheManager */,
				3CCCA1882B1FA44E00776433 /* NetworkManager */,
				3CCCA1802B1FA28900776433 /* TableViewBuilder */,
			);
			path = Services;
			sourceTree = "<group>";
		};
		3CCCA1802B1FA28900776433 /* TableViewBuilder */ = {
			isa = PBXGroup;
			children = (
				3CCCA17E2B1FA1DC00776433 /* TableViewBuilder.swift */,
				3CCCA1812B1FA29400776433 /* Model */,
			);
			path = TableViewBuilder;
			sourceTree = "<group>";
		};
		3CCCA1812B1FA29400776433 /* Model */ = {
			isa = PBXGroup;
			children = (
				3CCCA1822B1FA2A800776433 /* CellModel.swift */,
				3CCCA1842B1FA2E100776433 /* SectionModel.swift */,
				3CCCA1862B1FA31600776433 /* HeaderModel.swift */,
			);
			path = Model;
			sourceTree = "<group>";
		};
		3CCCA1882B1FA44E00776433 /* NetworkManager */ = {
			isa = PBXGroup;
			children = (
				3CCCA1892B1FA46100776433 /* NetworkManager.swift */,
			);
			path = NetworkManager;
			sourceTree = "<group>";
		};
		3CCCA18F2B207F2D00776433 /* Cell */ = {
			isa = PBXGroup;
			children = (
				3CCCA1902B207F4400776433 /* ImageCell.swift */,
			);
			path = Cell;
			sourceTree = "<group>";
		};
		3CCCA1CF2B23615D00776433 /* ImageCacheManager */ = {
			isa = PBXGroup;
			children = (
				3CCCA1D02B23616C00776433 /* ImageCacheManager.swift */,
			);
			path = ImageCacheManager;
			sourceTree = "<group>";
		};
		3CCCA1D72B24821500776433 /* View */ = {
			isa = PBXGroup;
			children = (
				3CCCA1DB2B24823A00776433 /* DetailsViewController.swift */,
			);
			path = View;
			sourceTree = "<group>";
		};
		3CCCA1DA2B24822700776433 /* Presenter */ = {
			isa = PBXGroup;
			children = (
				3CCCA1DD2B2489F800776433 /* DetailsPresenter.swift */,
			);
			path = Presenter;
			sourceTree = "<group>";
		};
		3CD188122B30D2F000AB7F3A /* Coordinator */ = {
			isa = PBXGroup;
			children = (
				3CD188132B30D31500AB7F3A /* AppCoordinator.swift */,
			);
			path = Coordinator;
			sourceTree = "<group>";
		};
		3CD188722B32FF1F00AB7F3A /* ModuleBuilder */ = {
			isa = PBXGroup;
			children = (
				3CD188732B32FF2B00AB7F3A /* ModuleBuilder.swift */,
			);
			path = ModuleBuilder;
			sourceTree = "<group>";
		};
/* End PBXGroup section */

/* Begin PBXNativeTarget section */
		3CCCA15D2B1F9F3400776433 /* MVP-Pagination */ = {
			isa = PBXNativeTarget;
			buildConfigurationList = 3CCCA1722B1F9F3500776433 /* Build configuration list for PBXNativeTarget "MVP-Pagination" */;
			buildPhases = (
				3CCCA15A2B1F9F3400776433 /* Sources */,
				3CCCA15B2B1F9F3400776433 /* Frameworks */,
				3CCCA15C2B1F9F3400776433 /* Resources */,
			);
			buildRules = (
			);
			dependencies = (
			);
			name = "MVP-Pagination";
			packageProductDependencies = (
				3CCCA1932B20802600776433 /* SnapKit */,
			);
			productName = "MVP-Pagination";
			productReference = 3CCCA15E2B1F9F3400776433 /* MVP-Pagination.app */;
			productType = "com.apple.product-type.application";
		};
/* End PBXNativeTarget section */

/* Begin PBXProject section */
		3CCCA1562B1F9F3300776433 /* Project object */ = {
			isa = PBXProject;
			attributes = {
				BuildIndependentTargetsInParallel = 1;
				LastSwiftUpdateCheck = 1430;
				LastUpgradeCheck = 1430;
				TargetAttributes = {
					3CCCA15D2B1F9F3400776433 = {
						CreatedOnToolsVersion = 14.3.1;
					};
				};
			};
			buildConfigurationList = 3CCCA1592B1F9F3300776433 /* Build configuration list for PBXProject "MVP-Pagination" */;
			compatibilityVersion = "Xcode 14.0";
			developmentRegion = en;
			hasScannedForEncodings = 0;
			knownRegions = (
				en,
				Base,
			);
			mainGroup = 3CCCA1552B1F9F3300776433;
			packageReferences = (
				3CCCA1922B20802600776433 /* XCRemoteSwiftPackageReference "SnapKit" */,
			);
			productRefGroup = 3CCCA15F2B1F9F3400776433 /* Products */;
			projectDirPath = "";
			projectRoot = "";
			targets = (
				3CCCA15D2B1F9F3400776433 /* MVP-Pagination */,
			);
		};
/* End PBXProject section */

/* Begin PBXResourcesBuildPhase section */
		3CCCA15C2B1F9F3400776433 /* Resources */ = {
			isa = PBXResourcesBuildPhase;
			buildActionMask = 2147483647;
			files = (
				3CCCA16E2B1F9F3500776433 /* LaunchScreen.storyboard in Resources */,
				3CCCA16B2B1F9F3500776433 /* Assets.xcassets in Resources */,
			);
			runOnlyForDeploymentPostprocessing = 0;
		};
/* End PBXResourcesBuildPhase section */

/* Begin PBXSourcesBuildPhase section */
		3CCCA15A2B1F9F3400776433 /* Sources */ = {
			isa = PBXSourcesBuildPhase;
			buildActionMask = 2147483647;
			files = (
				3CCCA1D12B23616C00776433 /* ImageCacheManager.swift in Sources */,
				3CCCA18E2B2076B200776433 /* ImageResponse.swift in Sources */,
				3CD188142B30D31500AB7F3A /* AppCoordinator.swift in Sources */,
				3CCCA1662B1F9F3400776433 /* ListViewController.swift in Sources */,
				3CCCA1872B1FA31600776433 /* HeaderModel.swift in Sources */,
				3CCCA1622B1F9F3400776433 /* AppDelegate.swift in Sources */,
				3CCCA1642B1F9F3400776433 /* SceneDelegate.swift in Sources */,
				3CCCA18A2B1FA46100776433 /* NetworkManager.swift in Sources */,
				3CCCA1832B1FA2A800776433 /* CellModel.swift in Sources */,
				3CCCA17F2B1FA1DC00776433 /* TableViewBuilder.swift in Sources */,
				3CCCA1CB2B23537A00776433 /* ListPresenter.swift in Sources */,
				3CD188742B32FF2B00AB7F3A /* ModuleBuilder.swift in Sources */,
				3CCCA1852B1FA2E100776433 /* SectionModel.swift in Sources */,
				3CCCA1912B207F4400776433 /* ImageCell.swift in Sources */,
				3CCCA1DC2B24823A00776433 /* DetailsViewController.swift in Sources */,
				3CCCA1DE2B2489F800776433 /* DetailsPresenter.swift in Sources */,
			);
			runOnlyForDeploymentPostprocessing = 0;
		};
/* End PBXSourcesBuildPhase section */

/* Begin PBXVariantGroup section */
		3CCCA16C2B1F9F3500776433 /* LaunchScreen.storyboard */ = {
			isa = PBXVariantGroup;
			children = (
				3CCCA16D2B1F9F3500776433 /* Base */,
			);
			name = LaunchScreen.storyboard;
			sourceTree = "<group>";
		};
/* End PBXVariantGroup section */

/* Begin XCBuildConfiguration section */
		3CCCA1702B1F9F3500776433 /* Debug */ = {
			isa = XCBuildConfiguration;
			buildSettings = {
				ALWAYS_SEARCH_USER_PATHS = NO;
				CLANG_ANALYZER_NONNULL = YES;
				CLANG_ANALYZER_NUMBER_OBJECT_CONVERSION = YES_AGGRESSIVE;
				CLANG_CXX_LANGUAGE_STANDARD = "gnu++20";
				CLANG_ENABLE_MODULES = YES;
				CLANG_ENABLE_OBJC_ARC = YES;
				CLANG_ENABLE_OBJC_WEAK = YES;
				CLANG_WARN_BLOCK_CAPTURE_AUTORELEASING = YES;
				CLANG_WARN_BOOL_CONVERSION = YES;
				CLANG_WARN_COMMA = YES;
				CLANG_WARN_CONSTANT_CONVERSION = YES;
				CLANG_WARN_DEPRECATED_OBJC_IMPLEMENTATIONS = YES;
				CLANG_WARN_DIRECT_OBJC_ISA_USAGE = YES_ERROR;
				CLANG_WARN_DOCUMENTATION_COMMENTS = YES;
				CLANG_WARN_EMPTY_BODY = YES;
				CLANG_WARN_ENUM_CONVERSION = YES;
				CLANG_WARN_INFINITE_RECURSION = YES;
				CLANG_WARN_INT_CONVERSION = YES;
				CLANG_WARN_NON_LITERAL_NULL_CONVERSION = YES;
				CLANG_WARN_OBJC_IMPLICIT_RETAIN_SELF = YES;
				CLANG_WARN_OBJC_LITERAL_CONVERSION = YES;
				CLANG_WARN_OBJC_ROOT_CLASS = YES_ERROR;
				CLANG_WARN_QUOTED_INCLUDE_IN_FRAMEWORK_HEADER = YES;
				CLANG_WARN_RANGE_LOOP_ANALYSIS = YES;
				CLANG_WARN_STRICT_PROTOTYPES = YES;
				CLANG_WARN_SUSPICIOUS_MOVE = YES;
				CLANG_WARN_UNGUARDED_AVAILABILITY = YES_AGGRESSIVE;
				CLANG_WARN_UNREACHABLE_CODE = YES;
				CLANG_WARN__DUPLICATE_METHOD_MATCH = YES;
				COPY_PHASE_STRIP = NO;
				DEBUG_INFORMATION_FORMAT = dwarf;
				ENABLE_STRICT_OBJC_MSGSEND = YES;
				ENABLE_TESTABILITY = YES;
				GCC_C_LANGUAGE_STANDARD = gnu11;
				GCC_DYNAMIC_NO_PIC = NO;
				GCC_NO_COMMON_BLOCKS = YES;
				GCC_OPTIMIZATION_LEVEL = 0;
				GCC_PREPROCESSOR_DEFINITIONS = (
					"DEBUG=1",
					"$(inherited)",
				);
				GCC_WARN_64_TO_32_BIT_CONVERSION = YES;
				GCC_WARN_ABOUT_RETURN_TYPE = YES_ERROR;
				GCC_WARN_UNDECLARED_SELECTOR = YES;
				GCC_WARN_UNINITIALIZED_AUTOS = YES_AGGRESSIVE;
				GCC_WARN_UNUSED_FUNCTION = YES;
				GCC_WARN_UNUSED_VARIABLE = YES;
				IPHONEOS_DEPLOYMENT_TARGET = 16.4;
				MTL_ENABLE_DEBUG_INFO = INCLUDE_SOURCE;
				MTL_FAST_MATH = YES;
				ONLY_ACTIVE_ARCH = YES;
				SDKROOT = iphoneos;
				SWIFT_ACTIVE_COMPILATION_CONDITIONS = DEBUG;
				SWIFT_OPTIMIZATION_LEVEL = "-Onone";
			};
			name = Debug;
		};
		3CCCA1712B1F9F3500776433 /* Release */ = {
			isa = XCBuildConfiguration;
			buildSettings = {
				ALWAYS_SEARCH_USER_PATHS = NO;
				CLANG_ANALYZER_NONNULL = YES;
				CLANG_ANALYZER_NUMBER_OBJECT_CONVERSION = YES_AGGRESSIVE;
				CLANG_CXX_LANGUAGE_STANDARD = "gnu++20";
				CLANG_ENABLE_MODULES = YES;
				CLANG_ENABLE_OBJC_ARC = YES;
				CLANG_ENABLE_OBJC_WEAK = YES;
				CLANG_WARN_BLOCK_CAPTURE_AUTORELEASING = YES;
				CLANG_WARN_BOOL_CONVERSION = YES;
				CLANG_WARN_COMMA = YES;
				CLANG_WARN_CONSTANT_CONVERSION = YES;
				CLANG_WARN_DEPRECATED_OBJC_IMPLEMENTATIONS = YES;
				CLANG_WARN_DIRECT_OBJC_ISA_USAGE = YES_ERROR;
				CLANG_WARN_DOCUMENTATION_COMMENTS = YES;
				CLANG_WARN_EMPTY_BODY = YES;
				CLANG_WARN_ENUM_CONVERSION = YES;
				CLANG_WARN_INFINITE_RECURSION = YES;
				CLANG_WARN_INT_CONVERSION = YES;
				CLANG_WARN_NON_LITERAL_NULL_CONVERSION = YES;
				CLANG_WARN_OBJC_IMPLICIT_RETAIN_SELF = YES;
				CLANG_WARN_OBJC_LITERAL_CONVERSION = YES;
				CLANG_WARN_OBJC_ROOT_CLASS = YES_ERROR;
				CLANG_WARN_QUOTED_INCLUDE_IN_FRAMEWORK_HEADER = YES;
				CLANG_WARN_RANGE_LOOP_ANALYSIS = YES;
				CLANG_WARN_STRICT_PROTOTYPES = YES;
				CLANG_WARN_SUSPICIOUS_MOVE = YES;
				CLANG_WARN_UNGUARDED_AVAILABILITY = YES_AGGRESSIVE;
				CLANG_WARN_UNREACHABLE_CODE = YES;
				CLANG_WARN__DUPLICATE_METHOD_MATCH = YES;
				COPY_PHASE_STRIP = NO;
				DEBUG_INFORMATION_FORMAT = "dwarf-with-dsym";
				ENABLE_NS_ASSERTIONS = NO;
				ENABLE_STRICT_OBJC_MSGSEND = YES;
				GCC_C_LANGUAGE_STANDARD = gnu11;
				GCC_NO_COMMON_BLOCKS = YES;
				GCC_WARN_64_TO_32_BIT_CONVERSION = YES;
				GCC_WARN_ABOUT_RETURN_TYPE = YES_ERROR;
				GCC_WARN_UNDECLARED_SELECTOR = YES;
				GCC_WARN_UNINITIALIZED_AUTOS = YES_AGGRESSIVE;
				GCC_WARN_UNUSED_FUNCTION = YES;
				GCC_WARN_UNUSED_VARIABLE = YES;
				IPHONEOS_DEPLOYMENT_TARGET = 16.4;
				MTL_ENABLE_DEBUG_INFO = NO;
				MTL_FAST_MATH = YES;
				SDKROOT = iphoneos;
				SWIFT_COMPILATION_MODE = wholemodule;
				SWIFT_OPTIMIZATION_LEVEL = "-O";
				VALIDATE_PRODUCT = YES;
			};
			name = Release;
		};
		3CCCA1732B1F9F3500776433 /* Debug */ = {
			isa = XCBuildConfiguration;
			buildSettings = {
				ASSETCATALOG_COMPILER_APPICON_NAME = AppIcon;
				ASSETCATALOG_COMPILER_GLOBAL_ACCENT_COLOR_NAME = AccentColor;
				CODE_SIGN_STYLE = Automatic;
				CURRENT_PROJECT_VERSION = 1;
				DEVELOPMENT_TEAM = T22G8674NU;
				GENERATE_INFOPLIST_FILE = YES;
				INFOPLIST_FILE = "MVP-Pagination/Info.plist";
				INFOPLIST_KEY_UIApplicationSupportsIndirectInputEvents = YES;
				INFOPLIST_KEY_UILaunchStoryboardName = LaunchScreen;
				INFOPLIST_KEY_UISupportedInterfaceOrientations_iPad = "UIInterfaceOrientationPortrait UIInterfaceOrientationPortraitUpsideDown UIInterfaceOrientationLandscapeLeft UIInterfaceOrientationLandscapeRight";
				INFOPLIST_KEY_UISupportedInterfaceOrientations_iPhone = "UIInterfaceOrientationPortrait UIInterfaceOrientationLandscapeLeft UIInterfaceOrientationLandscapeRight";
				LD_RUNPATH_SEARCH_PATHS = (
					"$(inherited)",
					"@executable_path/Frameworks",
				);
				MARKETING_VERSION = 1.0;
				PRODUCT_BUNDLE_IDENTIFIER = "KirillTaraturin.MVP-Pagination";
				PRODUCT_NAME = "$(TARGET_NAME)";
				SWIFT_EMIT_LOC_STRINGS = YES;
				SWIFT_VERSION = 5.0;
				TARGETED_DEVICE_FAMILY = "1,2";
			};
			name = Debug;
		};
		3CCCA1742B1F9F3500776433 /* Release */ = {
			isa = XCBuildConfiguration;
			buildSettings = {
				ASSETCATALOG_COMPILER_APPICON_NAME = AppIcon;
				ASSETCATALOG_COMPILER_GLOBAL_ACCENT_COLOR_NAME = AccentColor;
				CODE_SIGN_STYLE = Automatic;
				CURRENT_PROJECT_VERSION = 1;
				DEVELOPMENT_TEAM = T22G8674NU;
				GENERATE_INFOPLIST_FILE = YES;
				INFOPLIST_FILE = "MVP-Pagination/Info.plist";
				INFOPLIST_KEY_UIApplicationSupportsIndirectInputEvents = YES;
				INFOPLIST_KEY_UILaunchStoryboardName = LaunchScreen;
				INFOPLIST_KEY_UISupportedInterfaceOrientations_iPad = "UIInterfaceOrientationPortrait UIInterfaceOrientationPortraitUpsideDown UIInterfaceOrientationLandscapeLeft UIInterfaceOrientationLandscapeRight";
				INFOPLIST_KEY_UISupportedInterfaceOrientations_iPhone = "UIInterfaceOrientationPortrait UIInterfaceOrientationLandscapeLeft UIInterfaceOrientationLandscapeRight";
				LD_RUNPATH_SEARCH_PATHS = (
					"$(inherited)",
					"@executable_path/Frameworks",
				);
				MARKETING_VERSION = 1.0;
				PRODUCT_BUNDLE_IDENTIFIER = "KirillTaraturin.MVP-Pagination";
				PRODUCT_NAME = "$(TARGET_NAME)";
				SWIFT_EMIT_LOC_STRINGS = YES;
				SWIFT_VERSION = 5.0;
				TARGETED_DEVICE_FAMILY = "1,2";
			};
			name = Release;
		};
/* End XCBuildConfiguration section */

/* Begin XCConfigurationList section */
		3CCCA1592B1F9F3300776433 /* Build configuration list for PBXProject "MVP-Pagination" */ = {
			isa = XCConfigurationList;
			buildConfigurations = (
				3CCCA1702B1F9F3500776433 /* Debug */,
				3CCCA1712B1F9F3500776433 /* Release */,
			);
			defaultConfigurationIsVisible = 0;
			defaultConfigurationName = Release;
		};
		3CCCA1722B1F9F3500776433 /* Build configuration list for PBXNativeTarget "MVP-Pagination" */ = {
			isa = XCConfigurationList;
			buildConfigurations = (
				3CCCA1732B1F9F3500776433 /* Debug */,
				3CCCA1742B1F9F3500776433 /* Release */,
			);
			defaultConfigurationIsVisible = 0;
			defaultConfigurationName = Release;
		};
/* End XCConfigurationList section */

/* Begin XCRemoteSwiftPackageReference section */
		3CCCA1922B20802600776433 /* XCRemoteSwiftPackageReference "SnapKit" */ = {
			isa = XCRemoteSwiftPackageReference;
			repositoryURL = "https://github.com/SnapKit/SnapKit.git";
			requirement = {
				kind = upToNextMajorVersion;
				minimumVersion = 5.0.0;
			};
		};
/* End XCRemoteSwiftPackageReference section */

/* Begin XCSwiftPackageProductDependency section */
		3CCCA1932B20802600776433 /* SnapKit */ = {
			isa = XCSwiftPackageProductDependency;
			package = 3CCCA1922B20802600776433 /* XCRemoteSwiftPackageReference "SnapKit" */;
			productName = SnapKit;
		};
/* End XCSwiftPackageProductDependency section */
	};
	rootObject = 3CCCA1562B1F9F3300776433 /* Project object */;
}
